
Microsoft Visual Studio Solution File, Format Version 12.00
Project("{FAE04EC0-301F-11D3-BF4B-00C04F79EFBC}") = "ConsoleApp1", "ConsoleApp1\ConsoleApp1.csproj", "{0766292E-09CE-446E-A070-135F2D54CBDE}"
EndProject
Global
	GlobalSection(SolutionConfigurationPlatforms) = preSolution
		Debug|Any CPU = Debug|Any CPU
		Release|Any CPU = Release|Any CPU
	EndGlobalSection
	GlobalSection(ProjectConfigurationPlatforms) = postSolution
		{0766292E-09CE-446E-A070-135F2D54CBDE}.Debug|Any CPU.ActiveCfg = Debug|Any CPU
		{0766292E-09CE-446E-A070-135F2D54CBDE}.Debug|Any CPU.Build.0 = Debug|Any CPU
		{0766292E-09CE-446E-A070-135F2D54CBDE}.Release|Any CPU.ActiveCfg = Release|Any CPU
		{0766292E-09CE-446E-A070-135F2D54CBDE}.Release|Any CPU.Build.0 = Release|Any CPU
	EndGlobalSection
EndGlobal
